
Microsoft Visual Studio Solution File, Format Version 12.00
# Visual Studio Version 17
VisualStudioVersion = 17.5.002.0
MinimumVisualStudioVersion = 10.0.40219.1
Project("{9A19103F-16F7-4668-BE54-9A1E7A4F7556}") = "switch-statement-practice-Thomas-Gilligan-Student", "switch-statement-practice-Thomas-Gilligan-Student.csproj", "{575DF027-86A6-4294-B837-06BFC2A35BAE}"
EndProject
Global
	GlobalSection(SolutionConfigurationPlatforms) = preSolution
		Debug|Any CPU = Debug|Any CPU
		Release|Any CPU = Release|Any CPU
	EndGlobalSection
	GlobalSection(ProjectConfigurationPlatforms) = postSolution
		{575DF027-86A6-4294-B837-06BFC2A35BAE}.Debug|Any CPU.ActiveCfg = Debug|Any CPU
		{575DF027-86A6-4294-B837-06BFC2A35BAE}.Debug|Any CPU.Build.0 = Debug|Any CPU
		{575DF027-86A6-4294-B837-06BFC2A35BAE}.Release|Any CPU.ActiveCfg = Release|Any CPU
		{575DF027-86A6-4294-B837-06BFC2A35BAE}.Release|Any CPU.Build.0 = Release|Any CPU
	EndGlobalSection
	GlobalSection(SolutionProperties) = preSolution
		HideSolutionNode = FALSE
	EndGlobalSection
	GlobalSection(ExtensibilityGlobals) = postSolution
		SolutionGuid = {E4BA5C1F-1982-4A6C-A852-AB2F6962269D}
	EndGlobalSection
EndGlobal
